
Microsoft Visual Studio Solution File, Format Version 12.00
# Visual Studio 14
VisualStudioVersion = 14.0.23107.0
MinimumVisualStudioVersion = 10.0.40219.1
Project("{FAE04EC0-301F-11D3-BF4B-00C04F79EFBC}") = "Pet Store", "Pet Store\Pet Store.csproj", "{C72F670C-82F3-4A66-B906-B92C21ECD81E}"
EndProject
Project("{2150E333-8FDC-42A3-9474-1A3956D46DE8}") = "PublishScripts", "PublishScripts", "{0378CD66-E1DF-4DC3-8D78-FBDDD9D87FD7}"
	ProjectSection(SolutionItems) = preProject
		PublishScripts\AzureVMPublishModule.psm1 = PublishScripts\AzureVMPublishModule.psm1
		PublishScripts\Publish-WebApplicationVM.ps1 = PublishScripts\Publish-WebApplicationVM.ps1
	EndProjectSection
EndProject
Project("{2150E333-8FDC-42A3-9474-1A3956D46DE8}") = "Configurations", "Configurations", "{06B5899D-8AB3-4031-8A4F-348DD4F2B75A}"
	ProjectSection(SolutionItems) = preProject
		PublishScripts\Configurations\PetStore-WAWS-dev.json = PublishScripts\Configurations\PetStore-WAWS-dev.json
	EndProjectSection
EndProject
Global
	GlobalSection(SolutionConfigurationPlatforms) = preSolution
		Debug|Any CPU = Debug|Any CPU
		Release|Any CPU = Release|Any CPU
	EndGlobalSection
	GlobalSection(ProjectConfigurationPlatforms) = postSolution
		{C72F670C-82F3-4A66-B906-B92C21ECD81E}.Debug|Any CPU.ActiveCfg = Debug|Any CPU
		{C72F670C-82F3-4A66-B906-B92C21ECD81E}.Debug|Any CPU.Build.0 = Debug|Any CPU
		{C72F670C-82F3-4A66-B906-B92C21ECD81E}.Release|Any CPU.ActiveCfg = Release|Any CPU
		{C72F670C-82F3-4A66-B906-B92C21ECD81E}.Release|Any CPU.Build.0 = Release|Any CPU
	EndGlobalSection
	GlobalSection(SolutionProperties) = preSolution
		HideSolutionNode = FALSE
	EndGlobalSection
	GlobalSection(NestedProjects) = preSolution
		{06B5899D-8AB3-4031-8A4F-348DD4F2B75A} = {0378CD66-E1DF-4DC3-8D78-FBDDD9D87FD7}
	EndGlobalSection
EndGlobal
